
Microsoft Visual Studio Solution File, Format Version 12.00
# Visual Studio Version 17
VisualStudioVersion = 17.13.35825.156 d17.13
MinimumVisualStudioVersion = 10.0.40219.1
Project("{FAE04EC0-301F-11D3-BF4B-00C04F79EFBC}") = "ROServiceProject", "ROServiceProject.csproj", "{B7C1A5A4-12EB-44B3-B39B-BB36580DD8D6}"
EndProject
Global
	GlobalSection(SolutionConfigurationPlatforms) = preSolution
		Debug|Any CPU = Debug|Any CPU
		Release|Any CPU = Release|Any CPU
	EndGlobalSection
	GlobalSection(ProjectConfigurationPlatforms) = postSolution
		{B7C1A5A4-12EB-44B3-B39B-BB36580DD8D6}.Debug|Any CPU.ActiveCfg = Debug|Any CPU
		{B7C1A5A4-12EB-44B3-B39B-BB36580DD8D6}.Debug|Any CPU.Build.0 = Debug|Any CPU
		{B7C1A5A4-12EB-44B3-B39B-BB36580DD8D6}.Release|Any CPU.ActiveCfg = Release|Any CPU
		{B7C1A5A4-12EB-44B3-B39B-BB36580DD8D6}.Release|Any CPU.Build.0 = Release|Any CPU
	EndGlobalSection
	GlobalSection(SolutionProperties) = preSolution
		HideSolutionNode = FALSE
	EndGlobalSection
	GlobalSection(ExtensibilityGlobals) = postSolution
		SolutionGuid = {CE32115F-5DF4-4151-9A6A-1CF8F266FF08}
	EndGlobalSection
EndGlobal
